// !$*UTF8*$!
{
	archiveVersion = 1;
	classes = {
	};
	objectVersion = 50;
	objects = {

/* Begin PBXBuildFile section */
		3A45A4AD25CBA57900594074 /* Project_ElsaApp.swift in Sources */ = {isa = PBXBuildFile; fileRef = 3A45A4AC25CBA57900594074 /* Project_ElsaApp.swift */; };
		3A45A4AF25CBA57900594074 /* ContentView.swift in Sources */ = {isa = PBXBuildFile; fileRef = 3A45A4AE25CBA57900594074 /* ContentView.swift */; };
		3A45A4B125CBA57A00594074 /* Assets.xcassets in Resources */ = {isa = PBXBuildFile; fileRef = 3A45A4B025CBA57A00594074 /* Assets.xcassets */; };
		3A45A4B425CBA57A00594074 /* Preview Assets.xcassets in Resources */ = {isa = PBXBuildFile; fileRef = 3A45A4B325CBA57A00594074 /* Preview Assets.xcassets */; };
		3A45A4BF25CBA57A00594074 /* Project_ElsaTests.swift in Sources */ = {isa = PBXBuildFile; fileRef = 3A45A4BE25CBA57A00594074 /* Project_ElsaTests.swift */; };
		3A45A4CA25CBA57A00594074 /* Project_ElsaUITests.swift in Sources */ = {isa = PBXBuildFile; fileRef = 3A45A4C925CBA57A00594074 /* Project_ElsaUITests.swift */; };
		3A45A4F925CBA89C00594074 /* StringExtensions.swift in Sources */ = {isa = PBXBuildFile; fileRef = 3A45A4F825CBA89C00594074 /* StringExtensions.swift */; };
		3AB5F68925CBA8D600BFA359 /* Helpers.swift in Sources */ = {isa = PBXBuildFile; fileRef = 3AB5F68825CBA8D600BFA359 /* Helpers.swift */; };
		3AB5F68F25CBA90C00BFA359 /* LoginRequest.swift in Sources */ = {isa = PBXBuildFile; fileRef = 3AB5F68E25CBA90C00BFA359 /* LoginRequest.swift */; };
		3AB5F69725CBA92E00BFA359 /* LoginResponse.swift in Sources */ = {isa = PBXBuildFile; fileRef = 3AB5F69625CBA92E00BFA359 /* LoginResponse.swift */; };
		3AB5F69D25CBA98200BFA359 /* LoginView.swift in Sources */ = {isa = PBXBuildFile; fileRef = 3AB5F69C25CBA98200BFA359 /* LoginView.swift */; };
/* End PBXBuildFile section */

/* Begin PBXContainerItemProxy section */
		3A45A4BB25CBA57A00594074 /* PBXContainerItemProxy */ = {
			isa = PBXContainerItemProxy;
			containerPortal = 3A45A4A125CBA57900594074 /* Project object */;
			proxyType = 1;
			remoteGlobalIDString = 3A45A4A825CBA57900594074;
			remoteInfo = "Project Elsa";
		};
		3A45A4C625CBA57A00594074 /* PBXContainerItemProxy */ = {
			isa = PBXContainerItemProxy;
			containerPortal = 3A45A4A125CBA57900594074 /* Project object */;
			proxyType = 1;
			remoteGlobalIDString = 3A45A4A825CBA57900594074;
			remoteInfo = "Project Elsa";
		};
/* End PBXContainerItemProxy section */

/* Begin PBXFileReference section */
		3A45A4A925CBA57900594074 /* Project Elsa.app */ = {isa = PBXFileReference; explicitFileType = wrapper.application; includeInIndex = 0; path = "Project Elsa.app"; sourceTree = BUILT_PRODUCTS_DIR; };
		3A45A4AC25CBA57900594074 /* Project_ElsaApp.swift */ = {isa = PBXFileReference; lastKnownFileType = sourcecode.swift; path = Project_ElsaApp.swift; sourceTree = "<group>"; };
		3A45A4AE25CBA57900594074 /* ContentView.swift */ = {isa = PBXFileReference; lastKnownFileType = sourcecode.swift; path = ContentView.swift; sourceTree = "<group>"; };
		3A45A4B025CBA57A00594074 /* Assets.xcassets */ = {isa = PBXFileReference; lastKnownFileType = folder.assetcatalog; path = Assets.xcassets; sourceTree = "<group>"; };
		3A45A4B325CBA57A00594074 /* Preview Assets.xcassets */ = {isa = PBXFileReference; lastKnownFileType = folder.assetcatalog; path = "Preview Assets.xcassets"; sourceTree = "<group>"; };
		3A45A4B525CBA57A00594074 /* Info.plist */ = {isa = PBXFileReference; lastKnownFileType = text.plist.xml; path = Info.plist; sourceTree = "<group>"; };
		3A45A4BA25CBA57A00594074 /* Project ElsaTests.xctest */ = {isa = PBXFileReference; explicitFileType = wrapper.cfbundle; includeInIndex = 0; path = "Project ElsaTests.xctest"; sourceTree = BUILT_PRODUCTS_DIR; };
		3A45A4BE25CBA57A00594074 /* Project_ElsaTests.swift */ = {isa = PBXFileReference; lastKnownFileType = sourcecode.swift; path = Project_ElsaTests.swift; sourceTree = "<group>"; };
		3A45A4C025CBA57A00594074 /* Info.plist */ = {isa = PBXFileReference; lastKnownFileType = text.plist.xml; path = Info.plist; sourceTree = "<group>"; };
		3A45A4C525CBA57A00594074 /* Project ElsaUITests.xctest */ = {isa = PBXFileReference; explicitFileType = wrapper.cfbundle; includeInIndex = 0; path = "Project ElsaUITests.xctest"; sourceTree = BUILT_PRODUCTS_DIR; };
		3A45A4C925CBA57A00594074 /* Project_ElsaUITests.swift */ = {isa = PBXFileReference; lastKnownFileType = sourcecode.swift; path = Project_ElsaUITests.swift; sourceTree = "<group>"; };
		3A45A4CB25CBA57A00594074 /* Info.plist */ = {isa = PBXFileReference; lastKnownFileType = text.plist.xml; path = Info.plist; sourceTree = "<group>"; };
		3A45A4F825CBA89C00594074 /* StringExtensions.swift */ = {isa = PBXFileReference; lastKnownFileType = sourcecode.swift; path = StringExtensions.swift; sourceTree = "<group>"; };
		3AB5F68825CBA8D600BFA359 /* Helpers.swift */ = {isa = PBXFileReference; lastKnownFileType = sourcecode.swift; path = Helpers.swift; sourceTree = "<group>"; };
		3AB5F68E25CBA90C00BFA359 /* LoginRequest.swift */ = {isa = PBXFileReference; lastKnownFileType = sourcecode.swift; path = LoginRequest.swift; sourceTree = "<group>"; };
		3AB5F69625CBA92E00BFA359 /* LoginResponse.swift */ = {isa = PBXFileReference; lastKnownFileType = sourcecode.swift; path = LoginResponse.swift; sourceTree = "<group>"; };
		3AB5F69C25CBA98200BFA359 /* LoginView.swift */ = {isa = PBXFileReference; lastKnownFileType = sourcecode.swift; path = LoginView.swift; sourceTree = "<group>"; };
		3AB5F6A225CBA9D100BFA359 /* Default.Settings.xcconfig */ = {isa = PBXFileReference; lastKnownFileType = text.xcconfig; path = Default.Settings.xcconfig; sourceTree = "<group>"; };
		3AB5F6A625CBAB5300BFA359 /* Local.Settings.xcconfig */ = {isa = PBXFileReference; lastKnownFileType = text.xcconfig; path = Local.Settings.xcconfig; sourceTree = "<group>"; };
		3AB5F6AF25CBB9AF00BFA359 /* Prod.Settings.xcconfig */ = {isa = PBXFileReference; lastKnownFileType = text.xcconfig; path = Prod.Settings.xcconfig; sourceTree = "<group>"; };
/* End PBXFileReference section */

/* Begin PBXFrameworksBuildPhase section */
		3A45A4A625CBA57900594074 /* Frameworks */ = {
			isa = PBXFrameworksBuildPhase;
			buildActionMask = 2147483647;
			files = (
			);
			runOnlyForDeploymentPostprocessing = 0;
		};
		3A45A4B725CBA57A00594074 /* Frameworks */ = {
			isa = PBXFrameworksBuildPhase;
			buildActionMask = 2147483647;
			files = (
			);
			runOnlyForDeploymentPostprocessing = 0;
		};
		3A45A4C225CBA57A00594074 /* Frameworks */ = {
			isa = PBXFrameworksBuildPhase;
			buildActionMask = 2147483647;
			files = (
			);
			runOnlyForDeploymentPostprocessing = 0;
		};
/* End PBXFrameworksBuildPhase section */

/* Begin PBXGroup section */
		3A45A4A025CBA57900594074 = {
			isa = PBXGroup;
			children = (
				3A45A4AB25CBA57900594074 /* Project Elsa */,
				3A45A4BD25CBA57A00594074 /* Project ElsaTests */,
				3A45A4C825CBA57A00594074 /* Project ElsaUITests */,
				3A45A4AA25CBA57900594074 /* Products */,
			);
			sourceTree = "<group>";
		};
		3A45A4AA25CBA57900594074 /* Products */ = {
			isa = PBXGroup;
			children = (
				3A45A4A925CBA57900594074 /* Project Elsa.app */,
				3A45A4BA25CBA57A00594074 /* Project ElsaTests.xctest */,
				3A45A4C525CBA57A00594074 /* Project ElsaUITests.xctest */,
			);
			name = Products;
			sourceTree = "<group>";
		};
		3A45A4AB25CBA57900594074 /* Project Elsa */ = {
			isa = PBXGroup;
			children = (
				3A45A4F725CBA87B00594074 /* Extensions */,
				3A45A4DB25CBA78C00594074 /* Features */,
				3A45A4DD25CBA7A000594074 /* Helpers */,
				3A45A4DC25CBA79800594074 /* Models */,
				3A45A4DE25CBA7AD00594074 /* Settings */,
				3A45A4AE25CBA57900594074 /* ContentView.swift */,
				3A45A4B025CBA57A00594074 /* Assets.xcassets */,
				3A45A4B525CBA57A00594074 /* Info.plist */,
				3A45A4B225CBA57A00594074 /* Preview Content */,
			);
			path = "Project Elsa";
			sourceTree = "<group>";
		};
		3A45A4B225CBA57A00594074 /* Preview Content */ = {
			isa = PBXGroup;
			children = (
				3A45A4B325CBA57A00594074 /* Preview Assets.xcassets */,
			);
			path = "Preview Content";
			sourceTree = "<group>";
		};
		3A45A4BD25CBA57A00594074 /* Project ElsaTests */ = {
			isa = PBXGroup;
			children = (
				3A45A4BE25CBA57A00594074 /* Project_ElsaTests.swift */,
				3A45A4C025CBA57A00594074 /* Info.plist */,
			);
			path = "Project ElsaTests";
			sourceTree = "<group>";
		};
		3A45A4C825CBA57A00594074 /* Project ElsaUITests */ = {
			isa = PBXGroup;
			children = (
				3A45A4C925CBA57A00594074 /* Project_ElsaUITests.swift */,
				3A45A4CB25CBA57A00594074 /* Info.plist */,
			);
			path = "Project ElsaUITests";
			sourceTree = "<group>";
		};
		3A45A4DB25CBA78C00594074 /* Features */ = {
			isa = PBXGroup;
			children = (
				3AB5F6B325CBBAFC00BFA359 /* Login */,
				3AB5F69B25CBA96400BFA359 /* Main */,
			);
			path = Features;
			sourceTree = "<group>";
		};
		3A45A4DC25CBA79800594074 /* Models */ = {
			isa = PBXGroup;
			children = (
				3AB5F68D25CBA8F400BFA359 /* Login */,
			);
			path = Models;
			sourceTree = "<group>";
		};
		3A45A4DD25CBA7A000594074 /* Helpers */ = {
			isa = PBXGroup;
			children = (
				3AB5F68825CBA8D600BFA359 /* Helpers.swift */,
			);
			path = Helpers;
			sourceTree = "<group>";
		};
		3A45A4DE25CBA7AD00594074 /* Settings */ = {
			isa = PBXGroup;
			children = (
				3AB5F6A225CBA9D100BFA359 /* Default.Settings.xcconfig */,
				3AB5F6A625CBAB5300BFA359 /* Local.Settings.xcconfig */,
				3AB5F6AF25CBB9AF00BFA359 /* Prod.Settings.xcconfig */,
			);
			path = Settings;
			sourceTree = "<group>";
		};
		3A45A4F725CBA87B00594074 /* Extensions */ = {
			isa = PBXGroup;
			children = (
				3A45A4F825CBA89C00594074 /* StringExtensions.swift */,
			);
			path = Extensions;
			sourceTree = "<group>";
		};
		3AB5F68D25CBA8F400BFA359 /* Login */ = {
			isa = PBXGroup;
			children = (
				3AB5F68E25CBA90C00BFA359 /* LoginRequest.swift */,
				3AB5F69625CBA92E00BFA359 /* LoginResponse.swift */,
			);
			path = Login;
			sourceTree = "<group>";
		};
		3AB5F69B25CBA96400BFA359 /* Main */ = {
			isa = PBXGroup;
			children = (
				3A45A4AC25CBA57900594074 /* Project_ElsaApp.swift */,
			);
			path = Main;
			sourceTree = "<group>";
		};
		3AB5F6B325CBBAFC00BFA359 /* Login */ = {
			isa = PBXGroup;
			children = (
				3AB5F69C25CBA98200BFA359 /* LoginView.swift */,
			);
			path = Login;
			sourceTree = "<group>";
		};
/* End PBXGroup section */

/* Begin PBXNativeTarget section */
		3A45A4A825CBA57900594074 /* Project Elsa */ = {
			isa = PBXNativeTarget;
			buildConfigurationList = 3A45A4CE25CBA57A00594074 /* Build configuration list for PBXNativeTarget "Project Elsa" */;
			buildPhases = (
				3A45A4A525CBA57900594074 /* Sources */,
				3A45A4A625CBA57900594074 /* Frameworks */,
				3A45A4A725CBA57900594074 /* Resources */,
			);
			buildRules = (
			);
			dependencies = (
			);
			name = "Project Elsa";
			productName = "Project Elsa";
			productReference = 3A45A4A925CBA57900594074 /* Project Elsa.app */;
			productType = "com.apple.product-type.application";
		};
		3A45A4B925CBA57A00594074 /* Project ElsaTests */ = {
			isa = PBXNativeTarget;
			buildConfigurationList = 3A45A4D125CBA57A00594074 /* Build configuration list for PBXNativeTarget "Project ElsaTests" */;
			buildPhases = (
				3A45A4B625CBA57A00594074 /* Sources */,
				3A45A4B725CBA57A00594074 /* Frameworks */,
				3A45A4B825CBA57A00594074 /* Resources */,
			);
			buildRules = (
			);
			dependencies = (
				3A45A4BC25CBA57A00594074 /* PBXTargetDependency */,
			);
			name = "Project ElsaTests";
			productName = "Project ElsaTests";
			productReference = 3A45A4BA25CBA57A00594074 /* Project ElsaTests.xctest */;
			productType = "com.apple.product-type.bundle.unit-test";
		};
		3A45A4C425CBA57A00594074 /* Project ElsaUITests */ = {
			isa = PBXNativeTarget;
			buildConfigurationList = 3A45A4D425CBA57A00594074 /* Build configuration list for PBXNativeTarget "Project ElsaUITests" */;
			buildPhases = (
				3A45A4C125CBA57A00594074 /* Sources */,
				3A45A4C225CBA57A00594074 /* Frameworks */,
				3A45A4C325CBA57A00594074 /* Resources */,
			);
			buildRules = (
			);
			dependencies = (
				3A45A4C725CBA57A00594074 /* PBXTargetDependency */,
			);
			name = "Project ElsaUITests";
			productName = "Project ElsaUITests";
			productReference = 3A45A4C525CBA57A00594074 /* Project ElsaUITests.xctest */;
			productType = "com.apple.product-type.bundle.ui-testing";
		};
/* End PBXNativeTarget section */

/* Begin PBXProject section */
		3A45A4A125CBA57900594074 /* Project object */ = {
			isa = PBXProject;
			attributes = {
				LastSwiftUpdateCheck = 1240;
				LastUpgradeCheck = 1240;
				TargetAttributes = {
					3A45A4A825CBA57900594074 = {
						CreatedOnToolsVersion = 12.4;
					};
					3A45A4B925CBA57A00594074 = {
						CreatedOnToolsVersion = 12.4;
						TestTargetID = 3A45A4A825CBA57900594074;
					};
					3A45A4C425CBA57A00594074 = {
						CreatedOnToolsVersion = 12.4;
						TestTargetID = 3A45A4A825CBA57900594074;
					};
				};
			};
			buildConfigurationList = 3A45A4A425CBA57900594074 /* Build configuration list for PBXProject "Project Elsa" */;
			compatibilityVersion = "Xcode 9.3";
			developmentRegion = en;
			hasScannedForEncodings = 0;
			knownRegions = (
				en,
				Base,
			);
			mainGroup = 3A45A4A025CBA57900594074;
			productRefGroup = 3A45A4AA25CBA57900594074 /* Products */;
			projectDirPath = "";
			projectRoot = "";
			targets = (
				3A45A4A825CBA57900594074 /* Project Elsa */,
				3A45A4B925CBA57A00594074 /* Project ElsaTests */,
				3A45A4C425CBA57A00594074 /* Project ElsaUITests */,
			);
		};
/* End PBXProject section */

/* Begin PBXResourcesBuildPhase section */
		3A45A4A725CBA57900594074 /* Resources */ = {
			isa = PBXResourcesBuildPhase;
			buildActionMask = 2147483647;
			files = (
				3A45A4B425CBA57A00594074 /* Preview Assets.xcassets in Resources */,
				3A45A4B125CBA57A00594074 /* Assets.xcassets in Resources */,
			);
			runOnlyForDeploymentPostprocessing = 0;
		};
		3A45A4B825CBA57A00594074 /* Resources */ = {
			isa = PBXResourcesBuildPhase;
			buildActionMask = 2147483647;
			files = (
			);
			runOnlyForDeploymentPostprocessing = 0;
		};
		3A45A4C325CBA57A00594074 /* Resources */ = {
			isa = PBXResourcesBuildPhase;
			buildActionMask = 2147483647;
			files = (
			);
			runOnlyForDeploymentPostprocessing = 0;
		};
/* End PBXResourcesBuildPhase section */

/* Begin PBXSourcesBuildPhase section */
		3A45A4A525CBA57900594074 /* Sources */ = {
			isa = PBXSourcesBuildPhase;
			buildActionMask = 2147483647;
			files = (
				3A45A4F925CBA89C00594074 /* StringExtensions.swift in Sources */,
				3AB5F69D25CBA98200BFA359 /* LoginView.swift in Sources */,
				3A45A4AF25CBA57900594074 /* ContentView.swift in Sources */,
				3AB5F69725CBA92E00BFA359 /* LoginResponse.swift in Sources */,
				3A45A4AD25CBA57900594074 /* Project_ElsaApp.swift in Sources */,
				3AB5F68F25CBA90C00BFA359 /* LoginRequest.swift in Sources */,
				3AB5F68925CBA8D600BFA359 /* Helpers.swift in Sources */,
			);
			runOnlyForDeploymentPostprocessing = 0;
		};
		3A45A4B625CBA57A00594074 /* Sources */ = {
			isa = PBXSourcesBuildPhase;
			buildActionMask = 2147483647;
			files = (
				3A45A4BF25CBA57A00594074 /* Project_ElsaTests.swift in Sources */,
			);
			runOnlyForDeploymentPostprocessing = 0;
		};
		3A45A4C125CBA57A00594074 /* Sources */ = {
			isa = PBXSourcesBuildPhase;
			buildActionMask = 2147483647;
			files = (
				3A45A4CA25CBA57A00594074 /* Project_ElsaUITests.swift in Sources */,
			);
			runOnlyForDeploymentPostprocessing = 0;
		};
/* End PBXSourcesBuildPhase section */

/* Begin PBXTargetDependency section */
		3A45A4BC25CBA57A00594074 /* PBXTargetDependency */ = {
			isa = PBXTargetDependency;
			target = 3A45A4A825CBA57900594074 /* Project Elsa */;
			targetProxy = 3A45A4BB25CBA57A00594074 /* PBXContainerItemProxy */;
		};
		3A45A4C725CBA57A00594074 /* PBXTargetDependency */ = {
			isa = PBXTargetDependency;
			target = 3A45A4A825CBA57900594074 /* Project Elsa */;
			targetProxy = 3A45A4C625CBA57A00594074 /* PBXContainerItemProxy */;
		};
/* End PBXTargetDependency section */

/* Begin XCBuildConfiguration section */
		3A45A4CC25CBA57A00594074 /* Debug */ = {
			isa = XCBuildConfiguration;
			baseConfigurationReference = 3AB5F6A625CBAB5300BFA359 /* Local.Settings.xcconfig */;
			buildSettings = {
				ALWAYS_SEARCH_USER_PATHS = NO;
				CLANG_ANALYZER_NONNULL = YES;
				CLANG_ANALYZER_NUMBER_OBJECT_CONVERSION = YES_AGGRESSIVE;
				CLANG_CXX_LANGUAGE_STANDARD = "gnu++14";
				CLANG_CXX_LIBRARY = "libc++";
				CLANG_ENABLE_MODULES = YES;
				CLANG_ENABLE_OBJC_ARC = YES;
				CLANG_ENABLE_OBJC_WEAK = YES;
				CLANG_WARN_BLOCK_CAPTURE_AUTORELEASING = YES;
				CLANG_WARN_BOOL_CONVERSION = YES;
				CLANG_WARN_COMMA = YES;
				CLANG_WARN_CONSTANT_CONVERSION = YES;
				CLANG_WARN_DEPRECATED_OBJC_IMPLEMENTATIONS = YES;
				CLANG_WARN_DIRECT_OBJC_ISA_USAGE = YES_ERROR;
				CLANG_WARN_DOCUMENTATION_COMMENTS = YES;
				CLANG_WARN_EMPTY_BODY = YES;
				CLANG_WARN_ENUM_CONVERSION = YES;
				CLANG_WARN_INFINITE_RECURSION = YES;
				CLANG_WARN_INT_CONVERSION = YES;
				CLANG_WARN_NON_LITERAL_NULL_CONVERSION = YES;
				CLANG_WARN_OBJC_IMPLICIT_RETAIN_SELF = YES;
				CLANG_WARN_OBJC_LITERAL_CONVERSION = YES;
				CLANG_WARN_OBJC_ROOT_CLASS = YES_ERROR;
				CLANG_WARN_QUOTED_INCLUDE_IN_FRAMEWORK_HEADER = YES;
				CLANG_WARN_RANGE_LOOP_ANALYSIS = YES;
				CLANG_WARN_STRICT_PROTOTYPES = YES;
				CLANG_WARN_SUSPICIOUS_MOVE = YES;
				CLANG_WARN_UNGUARDED_AVAILABILITY = YES_AGGRESSIVE;
				CLANG_WARN_UNREACHABLE_CODE = YES;
				CLANG_WARN__DUPLICATE_METHOD_MATCH = YES;
				COPY_PHASE_STRIP = NO;
				DEBUG_INFORMATION_FORMAT = dwarf;
				ENABLE_STRICT_OBJC_MSGSEND = YES;
				ENABLE_TESTABILITY = YES;
				GCC_C_LANGUAGE_STANDARD = gnu11;
				GCC_DYNAMIC_NO_PIC = NO;
				GCC_NO_COMMON_BLOCKS = YES;
				GCC_OPTIMIZATION_LEVEL = 0;
				GCC_PREPROCESSOR_DEFINITIONS = (
					"DEBUG=1",
					"$(inherited)",
				);
				GCC_WARN_64_TO_32_BIT_CONVERSION = YES;
				GCC_WARN_ABOUT_RETURN_TYPE = YES_ERROR;
				GCC_WARN_UNDECLARED_SELECTOR = YES;
				GCC_WARN_UNINITIALIZED_AUTOS = YES_AGGRESSIVE;
				GCC_WARN_UNUSED_FUNCTION = YES;
				GCC_WARN_UNUSED_VARIABLE = YES;
				IPHONEOS_DEPLOYMENT_TARGET = 14.4;
				MTL_ENABLE_DEBUG_INFO = INCLUDE_SOURCE;
				MTL_FAST_MATH = YES;
				ONLY_ACTIVE_ARCH = YES;
				SDKROOT = iphoneos;
				SWIFT_ACTIVE_COMPILATION_CONDITIONS = DEBUG;
				SWIFT_OPTIMIZATION_LEVEL = "-Onone";
			};
			name = Debug;
		};
		3A45A4CD25CBA57A00594074 /* Release */ = {
			isa = XCBuildConfiguration;
			baseConfigurationReference = 3AB5F6AF25CBB9AF00BFA359 /* Prod.Settings.xcconfig */;
			buildSettings = {
				ALWAYS_SEARCH_USER_PATHS = NO;
				CLANG_ANALYZER_NONNULL = YES;
				CLANG_ANALYZER_NUMBER_OBJECT_CONVERSION = YES_AGGRESSIVE;
				CLANG_CXX_LANGUAGE_STANDARD = "gnu++14";
				CLANG_CXX_LIBRARY = "libc++";
				CLANG_ENABLE_MODULES = YES;
				CLANG_ENABLE_OBJC_ARC = YES;
				CLANG_ENABLE_OBJC_WEAK = YES;
				CLANG_WARN_BLOCK_CAPTURE_AUTORELEASING = YES;
				CLANG_WARN_BOOL_CONVERSION = YES;
				CLANG_WARN_COMMA = YES;
				CLANG_WARN_CONSTANT_CONVERSION = YES;
				CLANG_WARN_DEPRECATED_OBJC_IMPLEMENTATIONS = YES;
				CLANG_WARN_DIRECT_OBJC_ISA_USAGE = YES_ERROR;
				CLANG_WARN_DOCUMENTATION_COMMENTS = YES;
				CLANG_WARN_EMPTY_BODY = YES;
				CLANG_WARN_ENUM_CONVERSION = YES;
				CLANG_WARN_INFINITE_RECURSION = YES;
				CLANG_WARN_INT_CONVERSION = YES;
				CLANG_WARN_NON_LITERAL_NULL_CONVERSION = YES;
				CLANG_WARN_OBJC_IMPLICIT_RETAIN_SELF = YES;
				CLANG_WARN_OBJC_LITERAL_CONVERSION = YES;
				CLANG_WARN_OBJC_ROOT_CLASS = YES_ERROR;
				CLANG_WARN_QUOTED_INCLUDE_IN_FRAMEWORK_HEADER = YES;
				CLANG_WARN_RANGE_LOOP_ANALYSIS = YES;
				CLANG_WARN_STRICT_PROTOTYPES = YES;
				CLANG_WARN_SUSPICIOUS_MOVE = YES;
				CLANG_WARN_UNGUARDED_AVAILABILITY = YES_AGGRESSIVE;
				CLANG_WARN_UNREACHABLE_CODE = YES;
				CLANG_WARN__DUPLICATE_METHOD_MATCH = YES;
				COPY_PHASE_STRIP = NO;
				DEBUG_INFORMATION_FORMAT = "dwarf-with-dsym";
				ENABLE_NS_ASSERTIONS = NO;
				ENABLE_STRICT_OBJC_MSGSEND = YES;
				GCC_C_LANGUAGE_STANDARD = gnu11;
				GCC_NO_COMMON_BLOCKS = YES;
				GCC_WARN_64_TO_32_BIT_CONVERSION = YES;
				GCC_WARN_ABOUT_RETURN_TYPE = YES_ERROR;
				GCC_WARN_UNDECLARED_SELECTOR = YES;
				GCC_WARN_UNINITIALIZED_AUTOS = YES_AGGRESSIVE;
				GCC_WARN_UNUSED_FUNCTION = YES;
				GCC_WARN_UNUSED_VARIABLE = YES;
				IPHONEOS_DEPLOYMENT_TARGET = 14.4;
				MTL_ENABLE_DEBUG_INFO = NO;
				MTL_FAST_MATH = YES;
				SDKROOT = iphoneos;
				SWIFT_COMPILATION_MODE = wholemodule;
				SWIFT_OPTIMIZATION_LEVEL = "-O";
				VALIDATE_PRODUCT = YES;
			};
			name = Release;
		};
		3A45A4CF25CBA57A00594074 /* Debug */ = {
			isa = XCBuildConfiguration;
			buildSettings = {
				ASSETCATALOG_COMPILER_APPICON_NAME = AppIcon;
				ASSETCATALOG_COMPILER_GLOBAL_ACCENT_COLOR_NAME = AccentColor;
				CODE_SIGN_STYLE = Automatic;
				DEVELOPMENT_ASSET_PATHS = "\"Project Elsa/Preview Content\"";
				DEVELOPMENT_TEAM = RY6NF3WTMP;
				ENABLE_PREVIEWS = YES;
				INFOPLIST_FILE = "Project Elsa/Info.plist";
				IPHONEOS_DEPLOYMENT_TARGET = 14.0;
				LD_RUNPATH_SEARCH_PATHS = (
					"$(inherited)",
					"@executable_path/Frameworks",
				);
				PRODUCT_BUNDLE_IDENTIFIER = "com.project.elsa.dsilva609.Project-Elsa";
				PRODUCT_NAME = "$(TARGET_NAME)";
				SWIFT_VERSION = 5.0;
				TARGETED_DEVICE_FAMILY = "1,2";
			};
			name = Debug;
		};
		3A45A4D025CBA57A00594074 /* Release */ = {
			isa = XCBuildConfiguration;
			buildSettings = {
				ASSETCATALOG_COMPILER_APPICON_NAME = AppIcon;
				ASSETCATALOG_COMPILER_GLOBAL_ACCENT_COLOR_NAME = AccentColor;
				CODE_SIGN_STYLE = Automatic;
				DEVELOPMENT_ASSET_PATHS = "\"Project Elsa/Preview Content\"";
				DEVELOPMENT_TEAM = RY6NF3WTMP;
				ENABLE_PREVIEWS = YES;
				INFOPLIST_FILE = "Project Elsa/Info.plist";
				IPHONEOS_DEPLOYMENT_TARGET = 14.0;
				LD_RUNPATH_SEARCH_PATHS = (
					"$(inherited)",
					"@executable_path/Frameworks",
				);
				PRODUCT_BUNDLE_IDENTIFIER = "com.project.elsa.dsilva609.Project-Elsa";
				PRODUCT_NAME = "$(TARGET_NAME)";
				SWIFT_VERSION = 5.0;
				TARGETED_DEVICE_FAMILY = "1,2";
			};
			name = Release;
		};
		3A45A4D225CBA57A00594074 /* Debug */ = {
			isa = XCBuildConfiguration;
			buildSettings = {
				ALWAYS_EMBED_SWIFT_STANDARD_LIBRARIES = YES;
				BUNDLE_LOADER = "$(TEST_HOST)";
				CODE_SIGN_STYLE = Automatic;
				DEVELOPMENT_TEAM = RY6NF3WTMP;
				INFOPLIST_FILE = "Project ElsaTests/Info.plist";
				IPHONEOS_DEPLOYMENT_TARGET = 14.0;
				LD_RUNPATH_SEARCH_PATHS = (
					"$(inherited)",
					"@executable_path/Frameworks",
					"@loader_path/Frameworks",
				);
				PRODUCT_BUNDLE_IDENTIFIER = "com.project.elsa.dsilva609.Project-ElsaTests";
				PRODUCT_NAME = "$(TARGET_NAME)";
				SWIFT_VERSION = 5.0;
				TARGETED_DEVICE_FAMILY = "1,2";
				TEST_HOST = "$(BUILT_PRODUCTS_DIR)/Project Elsa.app/Project Elsa";
			};
			name = Debug;
		};
		3A45A4D325CBA57A00594074 /* Release */ = {
			isa = XCBuildConfiguration;
			buildSettings = {
				ALWAYS_EMBED_SWIFT_STANDARD_LIBRARIES = YES;
				BUNDLE_LOADER = "$(TEST_HOST)";
				CODE_SIGN_STYLE = Automatic;
				DEVELOPMENT_TEAM = RY6NF3WTMP;
				INFOPLIST_FILE = "Project ElsaTests/Info.plist";
				IPHONEOS_DEPLOYMENT_TARGET = 14.0;
				LD_RUNPATH_SEARCH_PATHS = (
					"$(inherited)",
					"@executable_path/Frameworks",
					"@loader_path/Frameworks",
				);
				PRODUCT_BUNDLE_IDENTIFIER = "com.project.elsa.dsilva609.Project-ElsaTests";
				PRODUCT_NAME = "$(TARGET_NAME)";
				SWIFT_VERSION = 5.0;
				TARGETED_DEVICE_FAMILY = "1,2";
				TEST_HOST = "$(BUILT_PRODUCTS_DIR)/Project Elsa.app/Project Elsa";
			};
			name = Release;
		};
		3A45A4D525CBA57A00594074 /* Debug */ = {
			isa = XCBuildConfiguration;
			buildSettings = {
				ALWAYS_EMBED_SWIFT_STANDARD_LIBRARIES = YES;
				CODE_SIGN_STYLE = Automatic;
				DEVELOPMENT_TEAM = RY6NF3WTMP;
				INFOPLIST_FILE = "Project ElsaUITests/Info.plist";
				LD_RUNPATH_SEARCH_PATHS = (
					"$(inherited)",
					"@executable_path/Frameworks",
					"@loader_path/Frameworks",
				);
				PRODUCT_BUNDLE_IDENTIFIER = "com.project.elsa.dsilva609.Project-ElsaUITests";
				PRODUCT_NAME = "$(TARGET_NAME)";
				SWIFT_VERSION = 5.0;
				TARGETED_DEVICE_FAMILY = "1,2";
				TEST_TARGET_NAME = "Project Elsa";
			};
			name = Debug;
		};
		3A45A4D625CBA57A00594074 /* Release */ = {
			isa = XCBuildConfiguration;
			buildSettings = {
				ALWAYS_EMBED_SWIFT_STANDARD_LIBRARIES = YES;
				CODE_SIGN_STYLE = Automatic;
				DEVELOPMENT_TEAM = RY6NF3WTMP;
				INFOPLIST_FILE = "Project ElsaUITests/Info.plist";
				LD_RUNPATH_SEARCH_PATHS = (
					"$(inherited)",
					"@executable_path/Frameworks",
					"@loader_path/Frameworks",
				);
				PRODUCT_BUNDLE_IDENTIFIER = "com.project.elsa.dsilva609.Project-ElsaUITests";
				PRODUCT_NAME = "$(TARGET_NAME)";
				SWIFT_VERSION = 5.0;
				TARGETED_DEVICE_FAMILY = "1,2";
				TEST_TARGET_NAME = "Project Elsa";
			};
			name = Release;
		};
/* End XCBuildConfiguration section */

/* Begin XCConfigurationList section */
		3A45A4A425CBA57900594074 /* Build configuration list for PBXProject "Project Elsa" */ = {
			isa = XCConfigurationList;
			buildConfigurations = (
				3A45A4CC25CBA57A00594074 /* Debug */,
				3A45A4CD25CBA57A00594074 /* Release */,
			);
			defaultConfigurationIsVisible = 0;
			defaultConfigurationName = Release;
		};
		3A45A4CE25CBA57A00594074 /* Build configuration list for PBXNativeTarget "Project Elsa" */ = {
			isa = XCConfigurationList;
			buildConfigurations = (
				3A45A4CF25CBA57A00594074 /* Debug */,
				3A45A4D025CBA57A00594074 /* Release */,
			);
			defaultConfigurationIsVisible = 0;
			defaultConfigurationName = Release;
		};
		3A45A4D125CBA57A00594074 /* Build configuration list for PBXNativeTarget "Project ElsaTests" */ = {
			isa = XCConfigurationList;
			buildConfigurations = (
				3A45A4D225CBA57A00594074 /* Debug */,
				3A45A4D325CBA57A00594074 /* Release */,
			);
			defaultConfigurationIsVisible = 0;
			defaultConfigurationName = Release;
		};
		3A45A4D425CBA57A00594074 /* Build configuration list for PBXNativeTarget "Project ElsaUITests" */ = {
			isa = XCConfigurationList;
			buildConfigurations = (
				3A45A4D525CBA57A00594074 /* Debug */,
				3A45A4D625CBA57A00594074 /* Release */,
			);
			defaultConfigurationIsVisible = 0;
			defaultConfigurationName = Release;
		};
/* End XCConfigurationList section */
	};
	rootObject = 3A45A4A125CBA57900594074 /* Project object */;
}
